
Microsoft Visual Studio Solution File, Format Version 12.00
# Visual Studio Version 17
VisualStudioVersion = 17.0.31903.59
MinimumVisualStudioVersion = 10.0.40219.1
Project("{FAE04EC0-301F-11D3-BF4B-00C04F79EFBC}") = "ConsoleApp1", "ConsoleApp1\ConsoleApp1.csproj", "{9C586B8C-F489-4447-AAAC-8ADEF9F48EF1}"
EndProject
Project("{FAE04EC0-301F-11D3-BF4B-00C04F79EFBC}") = "Exercicio2", "Exercicio2\Exercicio2.csproj", "{FADE2406-2ED1-40BE-9937-E6B652B5EDE1}"
EndProject
Global
	GlobalSection(SolutionConfigurationPlatforms) = preSolution
		Debug|Any CPU = Debug|Any CPU
		Release|Any CPU = Release|Any CPU
	EndGlobalSection
	GlobalSection(SolutionProperties) = preSolution
		HideSolutionNode = FALSE
	EndGlobalSection
	GlobalSection(ProjectConfigurationPlatforms) = postSolution
		{9C586B8C-F489-4447-AAAC-8ADEF9F48EF1}.Debug|Any CPU.ActiveCfg = Debug|Any CPU
		{9C586B8C-F489-4447-AAAC-8ADEF9F48EF1}.Debug|Any CPU.Build.0 = Debug|Any CPU
		{9C586B8C-F489-4447-AAAC-8ADEF9F48EF1}.Release|Any CPU.ActiveCfg = Release|Any CPU
		{9C586B8C-F489-4447-AAAC-8ADEF9F48EF1}.Release|Any CPU.Build.0 = Release|Any CPU
		{FADE2406-2ED1-40BE-9937-E6B652B5EDE1}.Debug|Any CPU.ActiveCfg = Debug|Any CPU
		{FADE2406-2ED1-40BE-9937-E6B652B5EDE1}.Debug|Any CPU.Build.0 = Debug|Any CPU
		{FADE2406-2ED1-40BE-9937-E6B652B5EDE1}.Release|Any CPU.ActiveCfg = Release|Any CPU
		{FADE2406-2ED1-40BE-9937-E6B652B5EDE1}.Release|Any CPU.Build.0 = Release|Any CPU
	EndGlobalSection
EndGlobal
