
Microsoft Visual Studio Solution File, Format Version 12.00
# Visual Studio Version 17
VisualStudioVersion = 17.0.31903.59
MinimumVisualStudioVersion = 10.0.40219.1
Project("{FAE04EC0-301F-11D3-BF4B-00C04F79EFBC}") = "Exercicio1", "Exercicio1\Exercicio1.csproj", "{71035E89-B3FA-4028-AEAD-533AB203B57A}"
EndProject
Project("{FAE04EC0-301F-11D3-BF4B-00C04F79EFBC}") = "Exercicio2", "Exercicio2\Exercicio2.csproj", "{175F8D3A-550D-4FD2-A813-8063562DB782}"
EndProject
Project("{FAE04EC0-301F-11D3-BF4B-00C04F79EFBC}") = "Exercicio3", "Exercicio3\Exercicio3.csproj", "{5B0E06DA-E401-4044-9ECA-362CD5F42968}"
EndProject
Project("{FAE04EC0-301F-11D3-BF4B-00C04F79EFBC}") = "Exercicio4", "Exercicio4\Exercicio4.csproj", "{73F77C81-5028-402B-B819-7908D822F704}"
EndProject
Project("{FAE04EC0-301F-11D3-BF4B-00C04F79EFBC}") = "Exercicio5", "Exercicio5\Exercicio5.csproj", "{C9B72C4A-C321-4ADE-A6A5-9E16DBAD6DAC}"
EndProject
Global
	GlobalSection(SolutionConfigurationPlatforms) = preSolution
		Debug|Any CPU = Debug|Any CPU
		Release|Any CPU = Release|Any CPU
	EndGlobalSection
	GlobalSection(SolutionProperties) = preSolution
		HideSolutionNode = FALSE
	EndGlobalSection
	GlobalSection(ProjectConfigurationPlatforms) = postSolution
		{71035E89-B3FA-4028-AEAD-533AB203B57A}.Debug|Any CPU.ActiveCfg = Debug|Any CPU
		{71035E89-B3FA-4028-AEAD-533AB203B57A}.Debug|Any CPU.Build.0 = Debug|Any CPU
		{71035E89-B3FA-4028-AEAD-533AB203B57A}.Release|Any CPU.ActiveCfg = Release|Any CPU
		{71035E89-B3FA-4028-AEAD-533AB203B57A}.Release|Any CPU.Build.0 = Release|Any CPU
		{175F8D3A-550D-4FD2-A813-8063562DB782}.Debug|Any CPU.ActiveCfg = Debug|Any CPU
		{175F8D3A-550D-4FD2-A813-8063562DB782}.Debug|Any CPU.Build.0 = Debug|Any CPU
		{175F8D3A-550D-4FD2-A813-8063562DB782}.Release|Any CPU.ActiveCfg = Release|Any CPU
		{175F8D3A-550D-4FD2-A813-8063562DB782}.Release|Any CPU.Build.0 = Release|Any CPU
		{5B0E06DA-E401-4044-9ECA-362CD5F42968}.Debug|Any CPU.ActiveCfg = Debug|Any CPU
		{5B0E06DA-E401-4044-9ECA-362CD5F42968}.Debug|Any CPU.Build.0 = Debug|Any CPU
		{5B0E06DA-E401-4044-9ECA-362CD5F42968}.Release|Any CPU.ActiveCfg = Release|Any CPU
		{5B0E06DA-E401-4044-9ECA-362CD5F42968}.Release|Any CPU.Build.0 = Release|Any CPU
		{73F77C81-5028-402B-B819-7908D822F704}.Debug|Any CPU.ActiveCfg = Debug|Any CPU
		{73F77C81-5028-402B-B819-7908D822F704}.Debug|Any CPU.Build.0 = Debug|Any CPU
		{73F77C81-5028-402B-B819-7908D822F704}.Release|Any CPU.ActiveCfg = Release|Any CPU
		{73F77C81-5028-402B-B819-7908D822F704}.Release|Any CPU.Build.0 = Release|Any CPU
		{C9B72C4A-C321-4ADE-A6A5-9E16DBAD6DAC}.Debug|Any CPU.ActiveCfg = Debug|Any CPU
		{C9B72C4A-C321-4ADE-A6A5-9E16DBAD6DAC}.Debug|Any CPU.Build.0 = Debug|Any CPU
		{C9B72C4A-C321-4ADE-A6A5-9E16DBAD6DAC}.Release|Any CPU.ActiveCfg = Release|Any CPU
		{C9B72C4A-C321-4ADE-A6A5-9E16DBAD6DAC}.Release|Any CPU.Build.0 = Release|Any CPU
	EndGlobalSection
EndGlobal
