
Microsoft Visual Studio Solution File, Format Version 12.00
# Visual Studio Version 17
VisualStudioVersion = 17.0.31903.59
MinimumVisualStudioVersion = 10.0.40219.1
Project("{FAE04EC0-301F-11D3-BF4B-00C04F79EFBC}") = "Exercicio1", "Exercicio1\Exercicio1.csproj", "{A0FF2A8D-29C2-405F-9023-3290F9B0EFDA}"
EndProject
Project("{FAE04EC0-301F-11D3-BF4B-00C04F79EFBC}") = "Exercicio2", "Exercicio2\Exercicio2.csproj", "{EC0D34CC-A753-48A1-92DD-9C98CC2E3FEF}"
EndProject
Project("{FAE04EC0-301F-11D3-BF4B-00C04F79EFBC}") = "Exercicio3", "Exercicio3\Exercicio3.csproj", "{B405311C-DB02-423E-AB85-FF97CD6523F3}"
EndProject
Project("{FAE04EC0-301F-11D3-BF4B-00C04F79EFBC}") = "Exercicio4", "Exercicio4\Exercicio4.csproj", "{508AE11E-DB6C-4065-834D-C0945B834ABF}"
EndProject
Global
	GlobalSection(SolutionConfigurationPlatforms) = preSolution
		Debug|Any CPU = Debug|Any CPU
		Release|Any CPU = Release|Any CPU
	EndGlobalSection
	GlobalSection(SolutionProperties) = preSolution
		HideSolutionNode = FALSE
	EndGlobalSection
	GlobalSection(ProjectConfigurationPlatforms) = postSolution
		{A0FF2A8D-29C2-405F-9023-3290F9B0EFDA}.Debug|Any CPU.ActiveCfg = Debug|Any CPU
		{A0FF2A8D-29C2-405F-9023-3290F9B0EFDA}.Debug|Any CPU.Build.0 = Debug|Any CPU
		{A0FF2A8D-29C2-405F-9023-3290F9B0EFDA}.Release|Any CPU.ActiveCfg = Release|Any CPU
		{A0FF2A8D-29C2-405F-9023-3290F9B0EFDA}.Release|Any CPU.Build.0 = Release|Any CPU
		{EC0D34CC-A753-48A1-92DD-9C98CC2E3FEF}.Debug|Any CPU.ActiveCfg = Debug|Any CPU
		{EC0D34CC-A753-48A1-92DD-9C98CC2E3FEF}.Debug|Any CPU.Build.0 = Debug|Any CPU
		{EC0D34CC-A753-48A1-92DD-9C98CC2E3FEF}.Release|Any CPU.ActiveCfg = Release|Any CPU
		{EC0D34CC-A753-48A1-92DD-9C98CC2E3FEF}.Release|Any CPU.Build.0 = Release|Any CPU
		{B405311C-DB02-423E-AB85-FF97CD6523F3}.Debug|Any CPU.ActiveCfg = Debug|Any CPU
		{B405311C-DB02-423E-AB85-FF97CD6523F3}.Debug|Any CPU.Build.0 = Debug|Any CPU
		{B405311C-DB02-423E-AB85-FF97CD6523F3}.Release|Any CPU.ActiveCfg = Release|Any CPU
		{B405311C-DB02-423E-AB85-FF97CD6523F3}.Release|Any CPU.Build.0 = Release|Any CPU
		{508AE11E-DB6C-4065-834D-C0945B834ABF}.Debug|Any CPU.ActiveCfg = Debug|Any CPU
		{508AE11E-DB6C-4065-834D-C0945B834ABF}.Debug|Any CPU.Build.0 = Debug|Any CPU
		{508AE11E-DB6C-4065-834D-C0945B834ABF}.Release|Any CPU.ActiveCfg = Release|Any CPU
		{508AE11E-DB6C-4065-834D-C0945B834ABF}.Release|Any CPU.Build.0 = Release|Any CPU
	EndGlobalSection
EndGlobal
